PODS:
  - FLEX (4.2.2)
  - SDOSFLEX (1.2.0):
    - FLEX (>= 4.2)
    - SDOSFLEX/FLEX (= 1.2.0)
  - SDOSFLEX/FLEX (1.2.0):
    - FLEX (>= 4.2)

DEPENDENCIES:
  - FLEX
  - SDOSFLEX (from `../../`)

SPEC REPOS:
  https://github.com/CocoaPods/Specs.git:
    - FLEX

EXTERNAL SOURCES:
  SDOSFLEX:
    :path: "../../"

SPEC CHECKSUMS:
  FLEX: dbd68ae9c67fcc872c79c9e5a728f38243dfaa78
  SDOSFLEX: 9143ac547a6f6bd350377432124d22c77150c461

PODFILE CHECKSUM: fefc520d1effb437056f23127b7ca4814e8de1b4

COCOAPODS: 1.9.3
